// !$*UTF8*$!
{
	archiveVersion = 1;
	classes = {
	};
	objectVersion = 46;
	objects = {

/* Begin PBXBuildFile section */
		1806E9061BADE11C008047A6 /* DatePickerDialog.swift in Sources */ = {isa = PBXBuildFile; fileRef = 1806E9051BADE11C008047A6 /* DatePickerDialog.swift */; };
		184851F31BB011AA00C1EA63 /* MenuCell.swift in Sources */ = {isa = PBXBuildFile; fileRef = 184851F21BB011AA00C1EA63 /* MenuCell.swift */; };
		184851F51BB011B700C1EA63 /* BalanceCell.swift in Sources */ = {isa = PBXBuildFile; fileRef = 184851F41BB011B700C1EA63 /* BalanceCell.swift */; };
		184851F71BB011CE00C1EA63 /* SubMenuCell.swift in Sources */ = {isa = PBXBuildFile; fileRef = 184851F61BB011CE00C1EA63 /* SubMenuCell.swift */; };
		18499E1D1BAB237D0066E6E5 /* AccountCell.swift in Sources */ = {isa = PBXBuildFile; fileRef = 18499E1C1BAB237D0066E6E5 /* AccountCell.swift */; };
		18499E1F1BAB23FB0066E6E5 /* AccountsViewController.swift in Sources */ = {isa = PBXBuildFile; fileRef = 18499E1E1BAB23FB0066E6E5 /* AccountsViewController.swift */; };
		1866C4D51BAC221C000200D2 /* AccountDetailViewController.swift in Sources */ = {isa = PBXBuildFile; fileRef = 1866C4D41BAC221C000200D2 /* AccountDetailViewController.swift */; };
		1884A4DC1BAD62EB00D24257 /* AddReminderViewController.swift in Sources */ = {isa = PBXBuildFile; fileRef = 1884A4DB1BAD62EB00D24257 /* AddReminderViewController.swift */; };
		1884A4DF1BAD6E9A00D24257 /* CategoryReminderCell.swift in Sources */ = {isa = PBXBuildFile; fileRef = 1884A4DE1BAD6E9A00D24257 /* CategoryReminderCell.swift */; };
		1884A4E11BAD6EAA00D24257 /* TimeCell.swift in Sources */ = {isa = PBXBuildFile; fileRef = 1884A4E01BAD6EAA00D24257 /* TimeCell.swift */; };
		18AA6A4D1BAA7575003210FD /* PhotoCell.swift in Sources */ = {isa = PBXBuildFile; fileRef = 18AA6A4C1BAA7575003210FD /* PhotoCell.swift */; };
		18AB69A91BACF6DB0061029F /* TransactionCell.swift in Sources */ = {isa = PBXBuildFile; fileRef = 18AB69A81BACF6DB0061029F /* TransactionCell.swift */; };
		18AB69AB1BAD48C70061029F /* NotificationSettingViewController.swift in Sources */ = {isa = PBXBuildFile; fileRef = 18AB69AA1BAD48C70061029F /* NotificationSettingViewController.swift */; };
		18AB69AE1BAD4C6F0061029F /* ReminderCell.swift in Sources */ = {isa = PBXBuildFile; fileRef = 18AB69AD1BAD4C6F0061029F /* ReminderCell.swift */; };
		18C74C1D1BB0C0D80056D9D5 /* ViewModeCell.swift in Sources */ = {isa = PBXBuildFile; fileRef = 18C74C1C1BB0C0D80056D9D5 /* ViewModeCell.swift */; };
		18F39CC31BA962D10099B714 /* HomeViewController.swift in Sources */ = {isa = PBXBuildFile; fileRef = 18F39CC21BA962D10099B714 /* HomeViewController.swift */; };
		18F39CC51BA964450099B714 /* QuickViewController.swift in Sources */ = {isa = PBXBuildFile; fileRef = 18F39CC41BA964450099B714 /* QuickViewController.swift */; };
		18F39CC71BA966190099B714 /* QuickCell.swift in Sources */ = {isa = PBXBuildFile; fileRef = 18F39CC61BA966190099B714 /* QuickCell.swift */; };
		18F39CCB1BA9A8280099B714 /* CustomSegmentedControl.swift in Sources */ = {isa = PBXBuildFile; fileRef = 18F39CCA1BA9A8280099B714 /* CustomSegmentedControl.swift */; };
		18F39CCD1BA9C8330099B714 /* AddTransactionViewController.swift in Sources */ = {isa = PBXBuildFile; fileRef = 18F39CCC1BA9C8330099B714 /* AddTransactionViewController.swift */; };
		18F39CCF1BA9CB200099B714 /* Helper.swift in Sources */ = {isa = PBXBuildFile; fileRef = 18F39CCE1BA9CB200099B714 /* Helper.swift */; };
		18F39CD31BA9D2AE0099B714 /* NoteCell.swift in Sources */ = {isa = PBXBuildFile; fileRef = 18F39CD21BA9D2AE0099B714 /* NoteCell.swift */; };
		18F39CD51BA9D2C00099B714 /* AmountCell.swift in Sources */ = {isa = PBXBuildFile; fileRef = 18F39CD41BA9D2C00099B714 /* AmountCell.swift */; };
		18F39CD71BA9D2E70099B714 /* SelectAccountOrCategoryCell.swift in Sources */ = {isa = PBXBuildFile; fileRef = 18F39CD61BA9D2E70099B714 /* SelectAccountOrCategoryCell.swift */; };
		18F39CD91BA9D2F80099B714 /* DateCell.swift in Sources */ = {isa = PBXBuildFile; fileRef = 18F39CD81BA9D2F80099B714 /* DateCell.swift */; };
		9D3EA5FA1BAB3BBD00EF4B47 /* Transaction.swift in Sources */ = {isa = PBXBuildFile; fileRef = 9D3EA5F91BAB3BBD00EF4B47 /* Transaction.swift */; };
		9D3EA5FC1BABFB1300EF4B47 /* Account.swift in Sources */ = {isa = PBXBuildFile; fileRef = 9D3EA5FB1BABFB1300EF4B47 /* Account.swift */; };
		9D3EA6001BABFF0B00EF4B47 /* Category.swift in Sources */ = {isa = PBXBuildFile; fileRef = 9D3EA5FF1BABFF0B00EF4B47 /* Category.swift */; };
		9D78C51D1BA5A47F00B00BC2 /* AppDelegate.swift in Sources */ = {isa = PBXBuildFile; fileRef = 9D78C51C1BA5A47F00B00BC2 /* AppDelegate.swift */; };
		9D78C5221BA5A47F00B00BC2 /* Main.storyboard in Resources */ = {isa = PBXBuildFile; fileRef = 9D78C5201BA5A47F00B00BC2 /* Main.storyboard */; };
		9D78C5241BA5A47F00B00BC2 /* Images.xcassets in Resources */ = {isa = PBXBuildFile; fileRef = 9D78C5231BA5A47F00B00BC2 /* Images.xcassets */; };
		9D78C5271BA5A47F00B00BC2 /* LaunchScreen.xib in Resources */ = {isa = PBXBuildFile; fileRef = 9D78C5251BA5A47F00B00BC2 /* LaunchScreen.xib */; };
		9D78C5331BA5A48000B00BC2 /* SpendyTests.swift in Sources */ = {isa = PBXBuildFile; fileRef = 9D78C5321BA5A48000B00BC2 /* SpendyTests.swift */; };
		9DB8A85F1BA9E5E6000F03A1 /* Config.plist in Resources */ = {isa = PBXBuildFile; fileRef = 9DB8A85E1BA9E5E6000F03A1 /* Config.plist */; };
		9DB8A8631BA9EAC0000F03A1 /* CategoryCell.swift in Sources */ = {isa = PBXBuildFile; fileRef = 9DB8A8621BA9EAC0000F03A1 /* CategoryCell.swift */; };
		9DB8A8681BA9FAA6000F03A1 /* Settings.storyboard in Resources */ = {isa = PBXBuildFile; fileRef = 9DB8A8671BA9FAA6000F03A1 /* Settings.storyboard */; };
		9DB8A86A1BA9FF64000F03A1 /* SettingsViewController.swift in Sources */ = {isa = PBXBuildFile; fileRef = 9DB8A8691BA9FF64000F03A1 /* SettingsViewController.swift */; };
		9DB8A86C1BAA064E000F03A1 /* RootTabBarController.swift in Sources */ = {isa = PBXBuildFile; fileRef = 9DB8A86B1BAA064E000F03A1 /* RootTabBarController.swift */; };
		9DB8A86E1BAA43B4000F03A1 /* SelectAccountOrCategoryViewController.swift in Sources */ = {isa = PBXBuildFile; fileRef = 9DB8A86D1BAA43B4000F03A1 /* SelectAccountOrCategoryViewController.swift */; };
		9DFE8D9D1BAFA9E0001E6F9E /* DateUtilities.swift in Sources */ = {isa = PBXBuildFile; fileRef = 9DFE8D9C1BAFA9E0001E6F9E /* DateUtilities.swift */; };
		A77E0D207AB770857E146536 /* Pods.framework in Frameworks */ = {isa = PBXBuildFile; fileRef = 3CFE2D5C782640C353708467 /* Pods.framework */; settings = {ATTRIBUTES = (Weak, ); }; };
		E29F203B1BAEAF150076AEFB /* HTObject.swift in Sources */ = {isa = PBXBuildFile; fileRef = E29F203A1BAEAF150076AEFB /* HTObject.swift */; };
/* End PBXBuildFile section */

/* Begin PBXContainerItemProxy section */
		9D78C52D1BA5A48000B00BC2 /* PBXContainerItemProxy */ = {
			isa = PBXContainerItemProxy;
			containerPortal = 9D78C50F1BA5A47F00B00BC2 /* Project object */;
			proxyType = 1;
			remoteGlobalIDString = 9D78C5161BA5A47F00B00BC2;
			remoteInfo = Spendy;
		};
/* End PBXContainerItemProxy section */

/* Begin PBXFileReference section */
		1806E9051BADE11C008047A6 /* DatePickerDialog.swift */ = {isa = PBXFileReference; fileEncoding = 4; lastKnownFileType = sourcecode.swift; path = DatePickerDialog.swift; sourceTree = "<group>"; };
		184851F21BB011AA00C1EA63 /* MenuCell.swift */ = {isa = PBXFileReference; fileEncoding = 4; lastKnownFileType = sourcecode.swift; path = MenuCell.swift; sourceTree = "<group>"; };
		184851F41BB011B700C1EA63 /* BalanceCell.swift */ = {isa = PBXFileReference; fileEncoding = 4; lastKnownFileType = sourcecode.swift; path = BalanceCell.swift; sourceTree = "<group>"; };
		184851F61BB011CE00C1EA63 /* SubMenuCell.swift */ = {isa = PBXFileReference; fileEncoding = 4; lastKnownFileType = sourcecode.swift; path = SubMenuCell.swift; sourceTree = "<group>"; };
		18499E1C1BAB237D0066E6E5 /* AccountCell.swift */ = {isa = PBXFileReference; fileEncoding = 4; lastKnownFileType = sourcecode.swift; path = AccountCell.swift; sourceTree = "<group>"; };
		18499E1E1BAB23FB0066E6E5 /* AccountsViewController.swift */ = {isa = PBXFileReference; fileEncoding = 4; lastKnownFileType = sourcecode.swift; path = AccountsViewController.swift; sourceTree = "<group>"; };
		1866C4D41BAC221C000200D2 /* AccountDetailViewController.swift */ = {isa = PBXFileReference; fileEncoding = 4; lastKnownFileType = sourcecode.swift; path = AccountDetailViewController.swift; sourceTree = "<group>"; };
		1884A4DB1BAD62EB00D24257 /* AddReminderViewController.swift */ = {isa = PBXFileReference; fileEncoding = 4; lastKnownFileType = sourcecode.swift; path = AddReminderViewController.swift; sourceTree = "<group>"; };
		1884A4DE1BAD6E9A00D24257 /* CategoryReminderCell.swift */ = {isa = PBXFileReference; fileEncoding = 4; lastKnownFileType = sourcecode.swift; path = CategoryReminderCell.swift; sourceTree = "<group>"; };
		1884A4E01BAD6EAA00D24257 /* TimeCell.swift */ = {isa = PBXFileReference; fileEncoding = 4; lastKnownFileType = sourcecode.swift; path = TimeCell.swift; sourceTree = "<group>"; };
		18AA6A4C1BAA7575003210FD /* PhotoCell.swift */ = {isa = PBXFileReference; fileEncoding = 4; lastKnownFileType = sourcecode.swift; path = PhotoCell.swift; sourceTree = "<group>"; };
		18AB69A81BACF6DB0061029F /* TransactionCell.swift */ = {isa = PBXFileReference; fileEncoding = 4; lastKnownFileType = sourcecode.swift; path = TransactionCell.swift; sourceTree = "<group>"; };
		18AB69AA1BAD48C70061029F /* NotificationSettingViewController.swift */ = {isa = PBXFileReference; fileEncoding = 4; lastKnownFileType = sourcecode.swift; path = NotificationSettingViewController.swift; sourceTree = "<group>"; };
		18AB69AD1BAD4C6F0061029F /* ReminderCell.swift */ = {isa = PBXFileReference; fileEncoding = 4; lastKnownFileType = sourcecode.swift; path = ReminderCell.swift; sourceTree = "<group>"; };
		18C74C1C1BB0C0D80056D9D5 /* ViewModeCell.swift */ = {isa = PBXFileReference; fileEncoding = 4; lastKnownFileType = sourcecode.swift; path = ViewModeCell.swift; sourceTree = "<group>"; };
		18F39CC21BA962D10099B714 /* HomeViewController.swift */ = {isa = PBXFileReference; fileEncoding = 4; lastKnownFileType = sourcecode.swift; path = HomeViewController.swift; sourceTree = "<group>"; };
		18F39CC41BA964450099B714 /* QuickViewController.swift */ = {isa = PBXFileReference; fileEncoding = 4; lastKnownFileType = sourcecode.swift; path = QuickViewController.swift; sourceTree = "<group>"; };
		18F39CC61BA966190099B714 /* QuickCell.swift */ = {isa = PBXFileReference; fileEncoding = 4; lastKnownFileType = sourcecode.swift; path = QuickCell.swift; sourceTree = "<group>"; };
		18F39CCA1BA9A8280099B714 /* CustomSegmentedControl.swift */ = {isa = PBXFileReference; fileEncoding = 4; lastKnownFileType = sourcecode.swift; path = CustomSegmentedControl.swift; sourceTree = "<group>"; };
		18F39CCC1BA9C8330099B714 /* AddTransactionViewController.swift */ = {isa = PBXFileReference; fileEncoding = 4; lastKnownFileType = sourcecode.swift; path = AddTransactionViewController.swift; sourceTree = "<group>"; };
		18F39CCE1BA9CB200099B714 /* Helper.swift */ = {isa = PBXFileReference; fileEncoding = 4; lastKnownFileType = sourcecode.swift; path = Helper.swift; sourceTree = "<group>"; };
		18F39CD21BA9D2AE0099B714 /* NoteCell.swift */ = {isa = PBXFileReference; fileEncoding = 4; lastKnownFileType = sourcecode.swift; path = NoteCell.swift; sourceTree = "<group>"; };
		18F39CD41BA9D2C00099B714 /* AmountCell.swift */ = {isa = PBXFileReference; fileEncoding = 4; lastKnownFileType = sourcecode.swift; path = AmountCell.swift; sourceTree = "<group>"; };
		18F39CD61BA9D2E70099B714 /* SelectAccountOrCategoryCell.swift */ = {isa = PBXFileReference; fileEncoding = 4; lastKnownFileType = sourcecode.swift; path = SelectAccountOrCategoryCell.swift; sourceTree = "<group>"; };
		18F39CD81BA9D2F80099B714 /* DateCell.swift */ = {isa = PBXFileReference; fileEncoding = 4; lastKnownFileType = sourcecode.swift; path = DateCell.swift; sourceTree = "<group>"; };
		336AA2D8B3532AD262FC53AA /* Pods.release.xcconfig */ = {isa = PBXFileReference; includeInIndex = 1; lastKnownFileType = text.xcconfig; name = Pods.release.xcconfig; path = "Pods/Target Support Files/Pods/Pods.release.xcconfig"; sourceTree = "<group>"; };
		3CFE2D5C782640C353708467 /* Pods.framework */ = {isa = PBXFileReference; explicitFileType = wrapper.framework; includeInIndex = 0; path = Pods.framework; sourceTree = BUILT_PRODUCTS_DIR; };
		6DE97D10C3A0C6C161C8B7C1 /* Pods.debug.xcconfig */ = {isa = PBXFileReference; includeInIndex = 1; lastKnownFileType = text.xcconfig; name = Pods.debug.xcconfig; path = "Pods/Target Support Files/Pods/Pods.debug.xcconfig"; sourceTree = "<group>"; };
		9D3EA5F91BAB3BBD00EF4B47 /* Transaction.swift */ = {isa = PBXFileReference; fileEncoding = 4; lastKnownFileType = sourcecode.swift; path = Transaction.swift; sourceTree = "<group>"; };
		9D3EA5FB1BABFB1300EF4B47 /* Account.swift */ = {isa = PBXFileReference; fileEncoding = 4; lastKnownFileType = sourcecode.swift; path = Account.swift; sourceTree = "<group>"; };
		9D3EA5FF1BABFF0B00EF4B47 /* Category.swift */ = {isa = PBXFileReference; fileEncoding = 4; lastKnownFileType = sourcecode.swift; path = Category.swift; sourceTree = "<group>"; };
		9D78C5171BA5A47F00B00BC2 /* Spendy.app */ = {isa = PBXFileReference; explicitFileType = wrapper.application; includeInIndex = 0; path = Spendy.app; sourceTree = BUILT_PRODUCTS_DIR; };
		9D78C51B1BA5A47F00B00BC2 /* Info.plist */ = {isa = PBXFileReference; lastKnownFileType = text.plist.xml; path = Info.plist; sourceTree = "<group>"; };
		9D78C51C1BA5A47F00B00BC2 /* AppDelegate.swift */ = {isa = PBXFileReference; lastKnownFileType = sourcecode.swift; path = AppDelegate.swift; sourceTree = "<group>"; };
		9D78C5211BA5A47F00B00BC2 /* Base */ = {isa = PBXFileReference; lastKnownFileType = file.storyboard; name = Base; path = Base.lproj/Main.storyboard; sourceTree = "<group>"; };
		9D78C5231BA5A47F00B00BC2 /* Images.xcassets */ = {isa = PBXFileReference; lastKnownFileType = folder.assetcatalog; path = Images.xcassets; sourceTree = "<group>"; };
		9D78C5261BA5A47F00B00BC2 /* Base */ = {isa = PBXFileReference; lastKnownFileType = file.xib; name = Base; path = Base.lproj/LaunchScreen.xib; sourceTree = "<group>"; };
		9D78C52C1BA5A48000B00BC2 /* SpendyTests.xctest */ = {isa = PBXFileReference; explicitFileType = wrapper.cfbundle; includeInIndex = 0; path = SpendyTests.xctest; sourceTree = BUILT_PRODUCTS_DIR; };
		9D78C5311BA5A48000B00BC2 /* Info.plist */ = {isa = PBXFileReference; lastKnownFileType = text.plist.xml; path = Info.plist; sourceTree = "<group>"; };
		9D78C5321BA5A48000B00BC2 /* SpendyTests.swift */ = {isa = PBXFileReference; lastKnownFileType = sourcecode.swift; path = SpendyTests.swift; sourceTree = "<group>"; };
		9D78C53D1BA5A5FC00B00BC2 /* README.md */ = {isa = PBXFileReference; lastKnownFileType = net.daringfireball.markdown; path = README.md; sourceTree = "<group>"; };
		9DB8A85E1BA9E5E6000F03A1 /* Config.plist */ = {isa = PBXFileReference; fileEncoding = 4; lastKnownFileType = text.plist.xml; path = Config.plist; sourceTree = "<group>"; };
		9DB8A8621BA9EAC0000F03A1 /* CategoryCell.swift */ = {isa = PBXFileReference; fileEncoding = 4; lastKnownFileType = sourcecode.swift; path = CategoryCell.swift; sourceTree = "<group>"; };
		9DB8A8671BA9FAA6000F03A1 /* Settings.storyboard */ = {isa = PBXFileReference; fileEncoding = 4; lastKnownFileType = file.storyboard; path = Settings.storyboard; sourceTree = "<group>"; };
		9DB8A8691BA9FF64000F03A1 /* SettingsViewController.swift */ = {isa = PBXFileReference; fileEncoding = 4; lastKnownFileType = sourcecode.swift; path = SettingsViewController.swift; sourceTree = "<group>"; };
		9DB8A86B1BAA064E000F03A1 /* RootTabBarController.swift */ = {isa = PBXFileReference; fileEncoding = 4; lastKnownFileType = sourcecode.swift; path = RootTabBarController.swift; sourceTree = "<group>"; };
		9DB8A86D1BAA43B4000F03A1 /* SelectAccountOrCategoryViewController.swift */ = {isa = PBXFileReference; fileEncoding = 4; lastKnownFileType = sourcecode.swift; path = SelectAccountOrCategoryViewController.swift; sourceTree = "<group>"; };
		9DFE8D9C1BAFA9E0001E6F9E /* DateUtilities.swift */ = {isa = PBXFileReference; fileEncoding = 4; lastKnownFileType = sourcecode.swift; path = DateUtilities.swift; sourceTree = "<group>"; };
		E29F203A1BAEAF150076AEFB /* HTObject.swift */ = {isa = PBXFileReference; fileEncoding = 4; lastKnownFileType = sourcecode.swift; path = HTObject.swift; sourceTree = "<group>"; };
/* End PBXFileReference section */

/* Begin PBXFrameworksBuildPhase section */
		9D78C5141BA5A47F00B00BC2 /* Frameworks */ = {
			isa = PBXFrameworksBuildPhase;
			buildActionMask = 2147483647;
			files = (
				A77E0D207AB770857E146536 /* Pods.framework in Frameworks */,
			);
			runOnlyForDeploymentPostprocessing = 0;
		};
		9D78C5291BA5A48000B00BC2 /* Frameworks */ = {
			isa = PBXFrameworksBuildPhase;
			buildActionMask = 2147483647;
			files = (
			);
			runOnlyForDeploymentPostprocessing = 0;
		};
/* End PBXFrameworksBuildPhase section */

/* Begin PBXGroup section */
		184851F11BB0117800C1EA63 /* Home View */ = {
			isa = PBXGroup;
			children = (
				184851F21BB011AA00C1EA63 /* MenuCell.swift */,
				184851F41BB011B700C1EA63 /* BalanceCell.swift */,
				184851F61BB011CE00C1EA63 /* SubMenuCell.swift */,
				18C74C1C1BB0C0D80056D9D5 /* ViewModeCell.swift */,
			);
			name = "Home View";
			sourceTree = "<group>";
		};
		18499E1B1BAB23550066E6E5 /* Accounts View */ = {
			isa = PBXGroup;
			children = (
				18499E1C1BAB237D0066E6E5 /* AccountCell.swift */,
			);
			name = "Accounts View";
			sourceTree = "<group>";
		};
		1884A4DD1BAD6E7C00D24257 /* Add Reminder View */ = {
			isa = PBXGroup;
			children = (
				1806E9051BADE11C008047A6 /* DatePickerDialog.swift */,
				1884A4DE1BAD6E9A00D24257 /* CategoryReminderCell.swift */,
				1884A4E01BAD6EAA00D24257 /* TimeCell.swift */,
			);
			name = "Add Reminder View";
			sourceTree = "<group>";
		};
		18AB69A71BACF6B10061029F /* Account Detail View */ = {
			isa = PBXGroup;
			children = (
				18AB69A81BACF6DB0061029F /* TransactionCell.swift */,
			);
			name = "Account Detail View";
			sourceTree = "<group>";
		};
		18AB69AC1BAD4B7B0061029F /* Notification Setting View */ = {
			isa = PBXGroup;
			children = (
				18AB69AD1BAD4C6F0061029F /* ReminderCell.swift */,
			);
			name = "Notification Setting View";
			sourceTree = "<group>";
		};
		18F39CBF1BA9629B0099B714 /* Views */ = {
			isa = PBXGroup;
			children = (
				184851F11BB0117800C1EA63 /* Home View */,
				1884A4DD1BAD6E7C00D24257 /* Add Reminder View */,
				18AB69AC1BAD4B7B0061029F /* Notification Setting View */,
				18AB69A71BACF6B10061029F /* Account Detail View */,
				18499E1B1BAB23550066E6E5 /* Accounts View */,
				9DB8A8641BA9EAEC000F03A1 /* Select Category */,
				18F39CD11BA9D2930099B714 /* Add View */,
				18F39CD01BA9D2830099B714 /* Quick View */,
			);
			name = Views;
			sourceTree = "<group>";
		};
		18F39CC01BA962A50099B714 /* View Controllers */ = {
			isa = PBXGroup;
			children = (
				18F39CC21BA962D10099B714 /* HomeViewController.swift */,
				18F39CC41BA964450099B714 /* QuickViewController.swift */,
				18F39CCC1BA9C8330099B714 /* AddTransactionViewController.swift */,
				9DB8A86D1BAA43B4000F03A1 /* SelectAccountOrCategoryViewController.swift */,
				9DB8A8691BA9FF64000F03A1 /* SettingsViewController.swift */,
				9DB8A86B1BAA064E000F03A1 /* RootTabBarController.swift */,
				18499E1E1BAB23FB0066E6E5 /* AccountsViewController.swift */,
				1866C4D41BAC221C000200D2 /* AccountDetailViewController.swift */,
				18AB69AA1BAD48C70061029F /* NotificationSettingViewController.swift */,
				1884A4DB1BAD62EB00D24257 /* AddReminderViewController.swift */,
			);
			name = "View Controllers";
			sourceTree = "<group>";
		};
		18F39CC11BA962AE0099B714 /* Models */ = {
			isa = PBXGroup;
			children = (
				18F39CCE1BA9CB200099B714 /* Helper.swift */,
				9D3EA5F91BAB3BBD00EF4B47 /* Transaction.swift */,
				9D3EA5FB1BABFB1300EF4B47 /* Account.swift */,
				9D3EA5FF1BABFF0B00EF4B47 /* Category.swift */,
				E29F203A1BAEAF150076AEFB /* HTObject.swift */,
				9DFE8D9C1BAFA9E0001E6F9E /* DateUtilities.swift */,
			);
			name = Models;
			sourceTree = "<group>";
		};
		18F39CD01BA9D2830099B714 /* Quick View */ = {
			isa = PBXGroup;
			children = (
				18F39CC61BA966190099B714 /* QuickCell.swift */,
				18F39CCA1BA9A8280099B714 /* CustomSegmentedControl.swift */,
			);
			name = "Quick View";
			sourceTree = "<group>";
		};
		18F39CD11BA9D2930099B714 /* Add View */ = {
			isa = PBXGroup;
			children = (
				18F39CD21BA9D2AE0099B714 /* NoteCell.swift */,
				18F39CD41BA9D2C00099B714 /* AmountCell.swift */,
				18F39CD61BA9D2E70099B714 /* SelectAccountOrCategoryCell.swift */,
				18F39CD81BA9D2F80099B714 /* DateCell.swift */,
				18AA6A4C1BAA7575003210FD /* PhotoCell.swift */,
			);
			name = "Add View";
			sourceTree = "<group>";
		};
		7E5A4CE6364CE7730E7A6D65 /* Frameworks */ = {
			isa = PBXGroup;
			children = (
				3CFE2D5C782640C353708467 /* Pods.framework */,
			);
			name = Frameworks;
			sourceTree = "<group>";
		};
		9D78C50E1BA5A47F00B00BC2 = {
			isa = PBXGroup;
			children = (
				9D78C53D1BA5A5FC00B00BC2 /* README.md */,
				9D78C5191BA5A47F00B00BC2 /* Spendy */,
				9D78C52F1BA5A48000B00BC2 /* SpendyTests */,
				9D78C5181BA5A47F00B00BC2 /* Products */,
				F3D0B671BD77741EE28235E3 /* Pods */,
				7E5A4CE6364CE7730E7A6D65 /* Frameworks */,
			);
			sourceTree = "<group>";
		};
		9D78C5181BA5A47F00B00BC2 /* Products */ = {
			isa = PBXGroup;
			children = (
				9D78C5171BA5A47F00B00BC2 /* Spendy.app */,
				9D78C52C1BA5A48000B00BC2 /* SpendyTests.xctest */,
			);
			name = Products;
			sourceTree = "<group>";
		};
		9D78C5191BA5A47F00B00BC2 /* Spendy */ = {
			isa = PBXGroup;
			children = (
				18F39CC11BA962AE0099B714 /* Models */,
				18F39CBF1BA9629B0099B714 /* Views */,
				18F39CC01BA962A50099B714 /* View Controllers */,
				9D78C51C1BA5A47F00B00BC2 /* AppDelegate.swift */,
				9D78C5201BA5A47F00B00BC2 /* Main.storyboard */,
				9DB8A8671BA9FAA6000F03A1 /* Settings.storyboard */,
				9D78C5231BA5A47F00B00BC2 /* Images.xcassets */,
				9D78C5251BA5A47F00B00BC2 /* LaunchScreen.xib */,
				9D78C51A1BA5A47F00B00BC2 /* Supporting Files */,
			);
			path = Spendy;
			sourceTree = "<group>";
		};
		9D78C51A1BA5A47F00B00BC2 /* Supporting Files */ = {
			isa = PBXGroup;
			children = (
				9DB8A85E1BA9E5E6000F03A1 /* Config.plist */,
				9D78C51B1BA5A47F00B00BC2 /* Info.plist */,
			);
			name = "Supporting Files";
			sourceTree = "<group>";
		};
		9D78C52F1BA5A48000B00BC2 /* SpendyTests */ = {
			isa = PBXGroup;
			children = (
				9D78C5321BA5A48000B00BC2 /* SpendyTests.swift */,
				9D78C5301BA5A48000B00BC2 /* Supporting Files */,
			);
			path = SpendyTests;
			sourceTree = "<group>";
		};
		9D78C5301BA5A48000B00BC2 /* Supporting Files */ = {
			isa = PBXGroup;
			children = (
				9D78C5311BA5A48000B00BC2 /* Info.plist */,
			);
			name = "Supporting Files";
			sourceTree = "<group>";
		};
		9DB8A8641BA9EAEC000F03A1 /* Select Category */ = {
			isa = PBXGroup;
			children = (
				9DB8A8621BA9EAC0000F03A1 /* CategoryCell.swift */,
			);
			name = "Select Category";
			sourceTree = "<group>";
		};
		F3D0B671BD77741EE28235E3 /* Pods */ = {
			isa = PBXGroup;
			children = (
				6DE97D10C3A0C6C161C8B7C1 /* Pods.debug.xcconfig */,
				336AA2D8B3532AD262FC53AA /* Pods.release.xcconfig */,
			);
			name = Pods;
			sourceTree = "<group>";
		};
/* End PBXGroup section */

/* Begin PBXNativeTarget section */
		9D78C5161BA5A47F00B00BC2 /* Spendy */ = {
			isa = PBXNativeTarget;
			buildConfigurationList = 9D78C5361BA5A48000B00BC2 /* Build configuration list for PBXNativeTarget "Spendy" */;
			buildPhases = (
				ED2CDF3B1DAC899558D36025 /* Check Pods Manifest.lock */,
				9D78C5131BA5A47F00B00BC2 /* Sources */,
				9D78C5141BA5A47F00B00BC2 /* Frameworks */,
				9D78C5151BA5A47F00B00BC2 /* Resources */,
				80BF7CC90F9F4EC6B161D61D /* Embed Pods Frameworks */,
				AA90D0E082CA78032CB37F45 /* Copy Pods Resources */,
			);
			buildRules = (
			);
			dependencies = (
			);
			name = Spendy;
			productName = Spendy;
			productReference = 9D78C5171BA5A47F00B00BC2 /* Spendy.app */;
			productType = "com.apple.product-type.application";
		};
		9D78C52B1BA5A48000B00BC2 /* SpendyTests */ = {
			isa = PBXNativeTarget;
			buildConfigurationList = 9D78C5391BA5A48000B00BC2 /* Build configuration list for PBXNativeTarget "SpendyTests" */;
			buildPhases = (
				9D78C5281BA5A48000B00BC2 /* Sources */,
				9D78C5291BA5A48000B00BC2 /* Frameworks */,
				9D78C52A1BA5A48000B00BC2 /* Resources */,
			);
			buildRules = (
			);
			dependencies = (
				9D78C52E1BA5A48000B00BC2 /* PBXTargetDependency */,
			);
			name = SpendyTests;
			productName = SpendyTests;
			productReference = 9D78C52C1BA5A48000B00BC2 /* SpendyTests.xctest */;
			productType = "com.apple.product-type.bundle.unit-test";
		};
/* End PBXNativeTarget section */

/* Begin PBXProject section */
		9D78C50F1BA5A47F00B00BC2 /* Project object */ = {
			isa = PBXProject;
			attributes = {
				LastSwiftUpdateCheck = 0700;
				LastUpgradeCheck = 0640;
				ORGANIZATIONNAME = Cheetah;
				TargetAttributes = {
					9D78C5161BA5A47F00B00BC2 = {
						CreatedOnToolsVersion = 6.4;
					};
					9D78C52B1BA5A48000B00BC2 = {
						CreatedOnToolsVersion = 6.4;
						TestTargetID = 9D78C5161BA5A47F00B00BC2;
					};
				};
			};
			buildConfigurationList = 9D78C5121BA5A47F00B00BC2 /* Build configuration list for PBXProject "Spendy" */;
			compatibilityVersion = "Xcode 3.2";
			developmentRegion = English;
			hasScannedForEncodings = 0;
			knownRegions = (
				en,
				Base,
			);
			mainGroup = 9D78C50E1BA5A47F00B00BC2;
			productRefGroup = 9D78C5181BA5A47F00B00BC2 /* Products */;
			projectDirPath = "";
			projectRoot = "";
			targets = (
				9D78C5161BA5A47F00B00BC2 /* Spendy */,
				9D78C52B1BA5A48000B00BC2 /* SpendyTests */,
			);
		};
/* End PBXProject section */

/* Begin PBXResourcesBuildPhase section */
		9D78C5151BA5A47F00B00BC2 /* Resources */ = {
			isa = PBXResourcesBuildPhase;
			buildActionMask = 2147483647;
			files = (
				9DB8A85F1BA9E5E6000F03A1 /* Config.plist in Resources */,
				9D78C5221BA5A47F00B00BC2 /* Main.storyboard in Resources */,
				9D78C5271BA5A47F00B00BC2 /* LaunchScreen.xib in Resources */,
				9D78C5241BA5A47F00B00BC2 /* Images.xcassets in Resources */,
				9DB8A8681BA9FAA6000F03A1 /* Settings.storyboard in Resources */,
			);
			runOnlyForDeploymentPostprocessing = 0;
		};
		9D78C52A1BA5A48000B00BC2 /* Resources */ = {
			isa = PBXResourcesBuildPhase;
			buildActionMask = 2147483647;
			files = (
			);
			runOnlyForDeploymentPostprocessing = 0;
		};
/* End PBXResourcesBuildPhase section */

/* Begin PBXShellScriptBuildPhase section */
		80BF7CC90F9F4EC6B161D61D /* Embed Pods Frameworks */ = {
			isa = PBXShellScriptBuildPhase;
			buildActionMask = 2147483647;
			files = (
			);
			inputPaths = (
			);
			name = "Embed Pods Frameworks";
			outputPaths = (
			);
			runOnlyForDeploymentPostprocessing = 0;
			shellPath = /bin/sh;
			shellScript = "\"${SRCROOT}/Pods/Target Support Files/Pods/Pods-frameworks.sh\"\n";
			showEnvVarsInLog = 0;
		};
		AA90D0E082CA78032CB37F45 /* Copy Pods Resources */ = {
			isa = PBXShellScriptBuildPhase;
			buildActionMask = 2147483647;
			files = (
			);
			inputPaths = (
			);
			name = "Copy Pods Resources";
			outputPaths = (
			);
			runOnlyForDeploymentPostprocessing = 0;
			shellPath = /bin/sh;
			shellScript = "\"${SRCROOT}/Pods/Target Support Files/Pods/Pods-resources.sh\"\n";
			showEnvVarsInLog = 0;
		};
		ED2CDF3B1DAC899558D36025 /* Check Pods Manifest.lock */ = {
			isa = PBXShellScriptBuildPhase;
			buildActionMask = 2147483647;
			files = (
			);
			inputPaths = (
			);
			name = "Check Pods Manifest.lock";
			outputPaths = (
			);
			runOnlyForDeploymentPostprocessing = 0;
			shellPath = /bin/sh;
			shellScript = "diff \"${PODS_ROOT}/../Podfile.lock\" \"${PODS_ROOT}/Manifest.lock\" > /dev/null\nif [[ $? != 0 ]] ; then\n    cat << EOM\nerror: The sandbox is not in sync with the Podfile.lock. Run 'pod install' or update your CocoaPods installation.\nEOM\n    exit 1\nfi\n";
			showEnvVarsInLog = 0;
		};
/* End PBXShellScriptBuildPhase section */

/* Begin PBXSourcesBuildPhase section */
		9D78C5131BA5A47F00B00BC2 /* Sources */ = {
			isa = PBXSourcesBuildPhase;
			buildActionMask = 2147483647;
			files = (
				18AB69AB1BAD48C70061029F /* NotificationSettingViewController.swift in Sources */,
				18C74C1D1BB0C0D80056D9D5 /* ViewModeCell.swift in Sources */,
				9DB8A8631BA9EAC0000F03A1 /* CategoryCell.swift in Sources */,
				9DB8A86E1BAA43B4000F03A1 /* SelectAccountOrCategoryViewController.swift in Sources */,
				9DB8A86C1BAA064E000F03A1 /* RootTabBarController.swift in Sources */,
				18F39CC51BA964450099B714 /* QuickViewController.swift in Sources */,
				184851F71BB011CE00C1EA63 /* SubMenuCell.swift in Sources */,
				18AA6A4D1BAA7575003210FD /* PhotoCell.swift in Sources */,
				184851F31BB011AA00C1EA63 /* MenuCell.swift in Sources */,
				9D3EA5FC1BABFB1300EF4B47 /* Account.swift in Sources */,
				1866C4D51BAC221C000200D2 /* AccountDetailViewController.swift in Sources */,
				1806E9061BADE11C008047A6 /* DatePickerDialog.swift in Sources */,
				18F39CD91BA9D2F80099B714 /* DateCell.swift in Sources */,
				18F39CCF1BA9CB200099B714 /* Helper.swift in Sources */,
				1884A4DF1BAD6E9A00D24257 /* CategoryReminderCell.swift in Sources */,
				184851F51BB011B700C1EA63 /* BalanceCell.swift in Sources */,
				9D78C51D1BA5A47F00B00BC2 /* AppDelegate.swift in Sources */,
				18F39CD51BA9D2C00099B714 /* AmountCell.swift in Sources */,
				1884A4DC1BAD62EB00D24257 /* AddReminderViewController.swift in Sources */,
				1884A4E11BAD6EAA00D24257 /* TimeCell.swift in Sources */,
				18F39CCD1BA9C8330099B714 /* AddTransactionViewController.swift in Sources */,
				18F39CC31BA962D10099B714 /* HomeViewController.swift in Sources */,
				9D3EA5FA1BAB3BBD00EF4B47 /* Transaction.swift in Sources */,
				18499E1D1BAB237D0066E6E5 /* AccountCell.swift in Sources */,
				9DFE8D9D1BAFA9E0001E6F9E /* DateUtilities.swift in Sources */,
				9DB8A86A1BA9FF64000F03A1 /* SettingsViewController.swift in Sources */,
				18F39CCB1BA9A8280099B714 /* CustomSegmentedControl.swift in Sources */,
				18F39CD31BA9D2AE0099B714 /* NoteCell.swift in Sources */,
				18F39CC71BA966190099B714 /* QuickCell.swift in Sources */,
				E29F203B1BAEAF150076AEFB /* HTObject.swift in Sources */,
				18AB69AE1BAD4C6F0061029F /* ReminderCell.swift in Sources */,
				18499E1F1BAB23FB0066E6E5 /* AccountsViewController.swift in Sources */,
				18AB69A91BACF6DB0061029F /* TransactionCell.swift in Sources */,
				18F39CD71BA9D2E70099B714 /* SelectAccountOrCategoryCell.swift in Sources */,
				9D3EA6001BABFF0B00EF4B47 /* Category.swift in Sources */,
			);
			runOnlyForDeploymentPostprocessing = 0;
		};
		9D78C5281BA5A48000B00BC2 /* Sources */ = {
			isa = PBXSourcesBuildPhase;
			buildActionMask = 2147483647;
			files = (
				9D78C5331BA5A48000B00BC2 /* SpendyTests.swift in Sources */,
			);
			runOnlyForDeploymentPostprocessing = 0;
		};
/* End PBXSourcesBuildPhase section */

/* Begin PBXTargetDependency section */
		9D78C52E1BA5A48000B00BC2 /* PBXTargetDependency */ = {
			isa = PBXTargetDependency;
			target = 9D78C5161BA5A47F00B00BC2 /* Spendy */;
			targetProxy = 9D78C52D1BA5A48000B00BC2 /* PBXContainerItemProxy */;
		};
/* End PBXTargetDependency section */

/* Begin PBXVariantGroup section */
		9D78C5201BA5A47F00B00BC2 /* Main.storyboard */ = {
			isa = PBXVariantGroup;
			children = (
				9D78C5211BA5A47F00B00BC2 /* Base */,
			);
			name = Main.storyboard;
			sourceTree = "<group>";
		};
		9D78C5251BA5A47F00B00BC2 /* LaunchScreen.xib */ = {
			isa = PBXVariantGroup;
			children = (
				9D78C5261BA5A47F00B00BC2 /* Base */,
			);
			name = LaunchScreen.xib;
			sourceTree = "<group>";
		};
/* End PBXVariantGroup section */

/* Begin XCBuildConfiguration section */
		9D78C5341BA5A48000B00BC2 /* Debug */ = {
			isa = XCBuildConfiguration;
			buildSettings = {
				ALWAYS_SEARCH_USER_PATHS = NO;
				CLANG_CXX_LANGUAGE_STANDARD = "gnu++0x";
				CLANG_CXX_LIBRARY = "libc++";
				CLANG_ENABLE_MODULES = YES;
				CLANG_ENABLE_OBJC_ARC = YES;
				CLANG_WARN_BOOL_CONVERSION = YES;
				CLANG_WARN_CONSTANT_CONVERSION = YES;
				CLANG_WARN_DIRECT_OBJC_ISA_USAGE = YES_ERROR;
				CLANG_WARN_EMPTY_BODY = YES;
				CLANG_WARN_ENUM_CONVERSION = YES;
				CLANG_WARN_INT_CONVERSION = YES;
				CLANG_WARN_OBJC_ROOT_CLASS = YES_ERROR;
				CLANG_WARN_UNREACHABLE_CODE = YES;
				CLANG_WARN__DUPLICATE_METHOD_MATCH = YES;
				"CODE_SIGN_IDENTITY[sdk=iphoneos*]" = "iPhone Developer";
				COPY_PHASE_STRIP = NO;
				DEBUG_INFORMATION_FORMAT = "dwarf-with-dsym";
				ENABLE_STRICT_OBJC_MSGSEND = YES;
				GCC_C_LANGUAGE_STANDARD = gnu99;
				GCC_DYNAMIC_NO_PIC = NO;
				GCC_NO_COMMON_BLOCKS = YES;
				GCC_OPTIMIZATION_LEVEL = 0;
				GCC_PREPROCESSOR_DEFINITIONS = (
					"DEBUG=1",
					"$(inherited)",
				);
				GCC_SYMBOLS_PRIVATE_EXTERN = NO;
				GCC_WARN_64_TO_32_BIT_CONVERSION = YES;
				GCC_WARN_ABOUT_RETURN_TYPE = YES_ERROR;
				GCC_WARN_UNDECLARED_SELECTOR = YES;
				GCC_WARN_UNINITIALIZED_AUTOS = YES_AGGRESSIVE;
				GCC_WARN_UNUSED_FUNCTION = YES;
				GCC_WARN_UNUSED_VARIABLE = YES;
				IPHONEOS_DEPLOYMENT_TARGET = 8.4;
				MTL_ENABLE_DEBUG_INFO = YES;
				ONLY_ACTIVE_ARCH = YES;
				SDKROOT = iphoneos;
				SWIFT_OPTIMIZATION_LEVEL = "-Onone";
			};
			name = Debug;
		};
		9D78C5351BA5A48000B00BC2 /* Release */ = {
			isa = XCBuildConfiguration;
			buildSettings = {
				ALWAYS_SEARCH_USER_PATHS = NO;
				CLANG_CXX_LANGUAGE_STANDARD = "gnu++0x";
				CLANG_CXX_LIBRARY = "libc++";
				CLANG_ENABLE_MODULES = YES;
				CLANG_ENABLE_OBJC_ARC = YES;
				CLANG_WARN_BOOL_CONVERSION = YES;
				CLANG_WARN_CONSTANT_CONVERSION = YES;
				CLANG_WARN_DIRECT_OBJC_ISA_USAGE = YES_ERROR;
				CLANG_WARN_EMPTY_BODY = YES;
				CLANG_WARN_ENUM_CONVERSION = YES;
				CLANG_WARN_INT_CONVERSION = YES;
				CLANG_WARN_OBJC_ROOT_CLASS = YES_ERROR;
				CLANG_WARN_UNREACHABLE_CODE = YES;
				CLANG_WARN__DUPLICATE_METHOD_MATCH = YES;
				"CODE_SIGN_IDENTITY[sdk=iphoneos*]" = "iPhone Developer";
				COPY_PHASE_STRIP = NO;
				DEBUG_INFORMATION_FORMAT = "dwarf-with-dsym";
				ENABLE_NS_ASSERTIONS = NO;
				ENABLE_STRICT_OBJC_MSGSEND = YES;
				GCC_C_LANGUAGE_STANDARD = gnu99;
				GCC_NO_COMMON_BLOCKS = YES;
				GCC_WARN_64_TO_32_BIT_CONVERSION = YES;
				GCC_WARN_ABOUT_RETURN_TYPE = YES_ERROR;
				GCC_WARN_UNDECLARED_SELECTOR = YES;
				GCC_WARN_UNINITIALIZED_AUTOS = YES_AGGRESSIVE;
				GCC_WARN_UNUSED_FUNCTION = YES;
				GCC_WARN_UNUSED_VARIABLE = YES;
				IPHONEOS_DEPLOYMENT_TARGET = 8.4;
				MTL_ENABLE_DEBUG_INFO = NO;
				SDKROOT = iphoneos;
				VALIDATE_PRODUCT = YES;
			};
			name = Release;
		};
		9D78C5371BA5A48000B00BC2 /* Debug */ = {
			isa = XCBuildConfiguration;
			baseConfigurationReference = 6DE97D10C3A0C6C161C8B7C1 /* Pods.debug.xcconfig */;
			buildSettings = {
				ASSETCATALOG_COMPILER_APPICON_NAME = AppIcon;
				INFOPLIST_FILE = Spendy/Info.plist;
				LD_RUNPATH_SEARCH_PATHS = "$(inherited) @executable_path/Frameworks";
				PRODUCT_NAME = "$(TARGET_NAME)";
			};
			name = Debug;
		};
		9D78C5381BA5A48000B00BC2 /* Release */ = {
			isa = XCBuildConfiguration;
			baseConfigurationReference = 336AA2D8B3532AD262FC53AA /* Pods.release.xcconfig */;
			buildSettings = {
				ASSETCATALOG_COMPILER_APPICON_NAME = AppIcon;
				INFOPLIST_FILE = Spendy/Info.plist;
				LD_RUNPATH_SEARCH_PATHS = "$(inherited) @executable_path/Frameworks";
				PRODUCT_NAME = "$(TARGET_NAME)";
			};
			name = Release;
		};
		9D78C53A1BA5A48000B00BC2 /* Debug */ = {
			isa = XCBuildConfiguration;
			buildSettings = {
				BUNDLE_LOADER = "$(TEST_HOST)";
				FRAMEWORK_SEARCH_PATHS = (
					"$(SDKROOT)/Developer/Library/Frameworks",
					"$(inherited)",
				);
				GCC_PREPROCESSOR_DEFINITIONS = (
					"DEBUG=1",
					"$(inherited)",
				);
				INFOPLIST_FILE = SpendyTests/Info.plist;
				LD_RUNPATH_SEARCH_PATHS = "$(inherited) @executable_path/Frameworks @loader_path/Frameworks";
				PRODUCT_NAME = "$(TARGET_NAME)";
				TEST_HOST = "$(BUILT_PRODUCTS_DIR)/Spendy.app/Spendy";
			};
			name = Debug;
		};
		9D78C53B1BA5A48000B00BC2 /* Release */ = {
			isa = XCBuildConfiguration;
			buildSettings = {
				BUNDLE_LOADER = "$(TEST_HOST)";
				FRAMEWORK_SEARCH_PATHS = (
					"$(SDKROOT)/Developer/Library/Frameworks",
					"$(inherited)",
				);
				INFOPLIST_FILE = SpendyTests/Info.plist;
				LD_RUNPATH_SEARCH_PATHS = "$(inherited) @executable_path/Frameworks @loader_path/Frameworks";
				PRODUCT_NAME = "$(TARGET_NAME)";
				TEST_HOST = "$(BUILT_PRODUCTS_DIR)/Spendy.app/Spendy";
			};
			name = Release;
		};
/* End XCBuildConfiguration section */

/* Begin XCConfigurationList section */
		9D78C5121BA5A47F00B00BC2 /* Build configuration list for PBXProject "Spendy" */ = {
			isa = XCConfigurationList;
			buildConfigurations = (
				9D78C5341BA5A48000B00BC2 /* Debug */,
				9D78C5351BA5A48000B00BC2 /* Release */,
			);
			defaultConfigurationIsVisible = 0;
			defaultConfigurationName = Release;
		};
		9D78C5361BA5A48000B00BC2 /* Build configuration list for PBXNativeTarget "Spendy" */ = {
			isa = XCConfigurationList;
			buildConfigurations = (
				9D78C5371BA5A48000B00BC2 /* Debug */,
				9D78C5381BA5A48000B00BC2 /* Release */,
			);
			defaultConfigurationIsVisible = 0;
			defaultConfigurationName = Release;
		};
		9D78C5391BA5A48000B00BC2 /* Build configuration list for PBXNativeTarget "SpendyTests" */ = {
			isa = XCConfigurationList;
			buildConfigurations = (
				9D78C53A1BA5A48000B00BC2 /* Debug */,
				9D78C53B1BA5A48000B00BC2 /* Release */,
			);
			defaultConfigurationIsVisible = 0;
			defaultConfigurationName = Release;
		};
/* End XCConfigurationList section */
	};
	rootObject = 9D78C50F1BA5A47F00B00BC2 /* Project object */;
}
